
Microsoft Visual Studio Solution File, Format Version 12.00
# Visual Studio Version 16
VisualStudioVersion = 16.0.31112.23
MinimumVisualStudioVersion = 10.0.40219.1
Project("{9A19103F-16F7-4668-BE54-9A1E7A4F7556}") = "Accountant", "test2\Accountant.csproj", "{3D00AF89-FB75-4EAE-83D1-2D6EBB30B365}"
EndProject
Global
	GlobalSection(SolutionConfigurationPlatforms) = preSolution
		Debug|Any CPU = Debug|Any CPU
		Release|Any CPU = Release|Any CPU
	EndGlobalSection
	GlobalSection(ProjectConfigurationPlatforms) = postSolution
		{3D00AF89-FB75-4EAE-83D1-2D6EBB30B365}.Debug|Any CPU.ActiveCfg = Debug|Any CPU
		{3D00AF89-FB75-4EAE-83D1-2D6EBB30B365}.Debug|Any CPU.Build.0 = Debug|Any CPU
		{3D00AF89-FB75-4EAE-83D1-2D6EBB30B365}.Release|Any CPU.ActiveCfg = Release|Any CPU
		{3D00AF89-FB75-4EAE-83D1-2D6EBB30B365}.Release|Any CPU.Build.0 = Release|Any CPU
	EndGlobalSection
	GlobalSection(SolutionProperties) = preSolution
		HideSolutionNode = FALSE
	EndGlobalSection
	GlobalSection(ExtensibilityGlobals) = postSolution
		SolutionGuid = {A4DE1424-595B-4DB1-9553-F541E825EECD}
	EndGlobalSection
EndGlobal
